<?xml version="1.0" encoding="utf-8"?>
<Project ToolsVersion="4.0" xmlns="http://schemas.microsoft.com/developer/msbuild/2003">
  <ItemGroup>
    <ClCompile Include="Scene.cpp">
      <Filter>Scene</Filter>
    </ClCompile>
    <ClCompile Include="GameObject.cpp">
      <Filter>GameObject</Filter>
    </ClCompile>
    <ClCompile Include="Object.cpp">
      <Filter>GameObject</Filter>
    </ClCompile>
    <ClCompile Include="Component.cpp">
      <Filter>Component</Filter>
    </ClCompile>
    <ClCompile Include="MonoBehaviour.cpp">
      <Filter>Component\02. MonoBehaviour</Filter>
    </ClCompile>
    <ClCompile Include="Renderer.cpp">
      <Filter>Component\03. Renderer</Filter>
    </ClCompile>
    <ClCompile Include="MonoBehaviourManager.cpp">
      <Filter>Manager\MonoBehaviour</Filter>
    </ClCompile>
    <ClCompile Include="Rigidbody.cpp">
      <Filter>Component\04. Rigidbidy</Filter>
    </ClCompile>
    <ClCompile Include="ComponentFactory.cpp">
      <Filter>Component</Filter>
    </ClCompile>
    <ClCompile Include="Core.cpp">
      <Filter>Core</Filter>
    </ClCompile>
    <ClCompile Include="PhysicsManager.cpp">
      <Filter>Manager\Physics</Filter>
    </ClCompile>
    <ClCompile Include="TimeManager.cpp">
      <Filter>Manager\Time</Filter>
    </ClCompile>
    <ClCompile Include="CubeRenderer.cpp" />
  </ItemGroup>
  <ItemGroup>
    <ClInclude Include="Scene.h">
      <Filter>Scene</Filter>
    </ClInclude>
    <ClInclude Include="GameObject.h">
      <Filter>GameObject</Filter>
    </ClInclude>
    <ClInclude Include="Object.h">
      <Filter>GameObject</Filter>
    </ClInclude>
    <ClInclude Include="Component.h">
      <Filter>Component</Filter>
    </ClInclude>
    <ClInclude Include="Transform.h">
      <Filter>Component\00. Transform</Filter>
    </ClInclude>
    <ClInclude Include="core_math.h">
      <Filter>include</Filter>
    </ClInclude>
    <ClInclude Include="core_define.h">
      <Filter>include</Filter>
    </ClInclude>
    <ClInclude Include="core_include.h">
      <Filter>include</Filter>
    </ClInclude>
    <ClInclude Include="core_types.h">
      <Filter>include</Filter>
    </ClInclude>
    <ClInclude Include="Behaviour.h">
      <Filter>Component\01. Behaviour</Filter>
    </ClInclude>
    <ClInclude Include="MonoBehaviour.h">
      <Filter>Component\02. MonoBehaviour</Filter>
    </ClInclude>
    <ClInclude Include="Renderer.h">
      <Filter>Component\03. Renderer</Filter>
    </ClInclude>
    <ClInclude Include="MonoBehaviourManager.h">
      <Filter>Manager\MonoBehaviour</Filter>
    </ClInclude>
    <ClInclude Include="Rigidbody.h">
      <Filter>Component\04. Rigidbidy</Filter>
    </ClInclude>
    <ClInclude Include="ComponentFactory.h">
      <Filter>Component</Filter>
    </ClInclude>
    <ClInclude Include="ComponentRegistrar.h">
      <Filter>Component</Filter>
    </ClInclude>
    <ClInclude Include="Core.h">
      <Filter>Core</Filter>
    </ClInclude>
    <ClInclude Include="PhysicsManager.h">
      <Filter>Manager\Physics</Filter>
    </ClInclude>
    <ClInclude Include="TimeManager.h">
      <Filter>Manager\Time</Filter>
    </ClInclude>
    <ClInclude Include="CubeRenderer.h" />
  </ItemGroup>
  <ItemGroup>
    <Filter Include="include">
      <UniqueIdentifier>{9631a28d-dc0e-463a-b8dc-e7c101d13b8a}</UniqueIdentifier>
    </Filter>
    <Filter Include="Scene">
      <UniqueIdentifier>{ec9d3467-e228-42b7-8471-4d3a75d17a58}</UniqueIdentifier>
    </Filter>
    <Filter Include="GameObject">
      <UniqueIdentifier>{77d5da2b-961f-40c1-8bce-63fa08c82b48}</UniqueIdentifier>
    </Filter>
    <Filter Include="Component">
      <UniqueIdentifier>{b4dcafe1-055f-4870-a7c9-83bba6a91c76}</UniqueIdentifier>
    </Filter>
    <Filter Include="Component\00. Transform">
      <UniqueIdentifier>{ceb2ba1d-647e-4ed7-8797-e216a316a45a}</UniqueIdentifier>
    </Filter>
    <Filter Include="Component\01. Behaviour">
      <UniqueIdentifier>{9cab66f3-f059-48e5-abb4-20f4d3f4df3e}</UniqueIdentifier>
    </Filter>
    <Filter Include="Component\02. MonoBehaviour">
      <UniqueIdentifier>{68f951b8-2908-4113-9947-175a6b98560f}</UniqueIdentifier>
    </Filter>
    <Filter Include="Component\03. Renderer">
      <UniqueIdentifier>{ff9dde76-c21d-4075-9459-2b7e7fb2f9f8}</UniqueIdentifier>
    </Filter>
    <Filter Include="Manager">
      <UniqueIdentifier>{e6dc595c-9b5f-40d2-94d6-d1c3b248716c}</UniqueIdentifier>
    </Filter>
    <Filter Include="Manager\MonoBehaviour">
      <UniqueIdentifier>{91aa87d8-351b-4a15-b92a-663fda2f4fe4}</UniqueIdentifier>
    </Filter>
    <Filter Include="Component\04. Rigidbidy">
      <UniqueIdentifier>{4fb72993-ac4b-4b4e-b650-fd1d8d9355fe}</UniqueIdentifier>
    </Filter>
    <Filter Include="Core">
      <UniqueIdentifier>{896e7694-2313-4cc9-9803-f0b4f80d888e}</UniqueIdentifier>
    </Filter>
    <Filter Include="Manager\Physics">
      <UniqueIdentifier>{445550d0-8afb-49aa-8d2e-017e5ebe3d11}</UniqueIdentifier>
    </Filter>
    <Filter Include="Manager\Time">
      <UniqueIdentifier>{08490895-e2d6-47cd-aa3f-49eadc63ac21}</UniqueIdentifier>
    </Filter>
  </ItemGroup>
</Project>