<?xml version="1.0" encoding="utf-8"?>
<Project ToolsVersion="4.0" xmlns="http://schemas.microsoft.com/developer/msbuild/2003">
  <ItemGroup>
    <ClCompile Include="Component.cpp" />
    <ClCompile Include="GameObject.cpp" />
    <ClCompile Include="Object.cpp" />
    <ClCompile Include="Scene.cpp">
      <Filter>00. Scene</Filter>
    </ClCompile>
  </ItemGroup>
  <ItemGroup>
    <ClInclude Include="Component.h" />
    <ClInclude Include="CoreDefine.h" />
    <ClInclude Include="GameObject.h" />
    <ClInclude Include="Object.h" />
    <ClInclude Include="Transform.h" />
    <ClInclude Include="Scene.h">
      <Filter>00. Scene</Filter>
    </ClInclude>
  </ItemGroup>
  <ItemGroup>
    <Filter Include="00. Scene">
      <UniqueIdentifier>{ec9d3467-e228-42b7-8471-4d3a75d17a58}</UniqueIdentifier>
    </Filter>
  </ItemGroup>
</Project>